
Microsoft Visual Studio Solution File, Format Version 12.00
# Visual Studio Version 16
VisualStudioVersion = 16.0.30011.22
MinimumVisualStudioVersion = 10.0.40219.1
Project("{FAE04EC0-301F-11D3-BF4B-00C04F79EFBC}") = "T3_actividad_4", "T3_actividad_4\T3_actividad_4.csproj", "{F1779772-2296-4764-893C-F02D6DA18F5E}"
EndProject
Global
	GlobalSection(SolutionConfigurationPlatforms) = preSolution
		Debug|Any CPU = Debug|Any CPU
		Release|Any CPU = Release|Any CPU
	EndGlobalSection
	GlobalSection(ProjectConfigurationPlatforms) = postSolution
		{F1779772-2296-4764-893C-F02D6DA18F5E}.Debug|Any CPU.ActiveCfg = Debug|Any CPU
		{F1779772-2296-4764-893C-F02D6DA18F5E}.Debug|Any CPU.Build.0 = Debug|Any CPU
		{F1779772-2296-4764-893C-F02D6DA18F5E}.Release|Any CPU.ActiveCfg = Release|Any CPU
		{F1779772-2296-4764-893C-F02D6DA18F5E}.Release|Any CPU.Build.0 = Release|Any CPU
	EndGlobalSection
	GlobalSection(SolutionProperties) = preSolution
		HideSolutionNode = FALSE
	EndGlobalSection
	GlobalSection(ExtensibilityGlobals) = postSolution
		SolutionGuid = {A2B1DD03-C8A6-4D31-90E3-476D7007AA4F}
	EndGlobalSection
EndGlobal
